{
  "name": "substring-tagger",
  "version": "1.0.0",
  "lockfileVersion": 1,
  "requires": true,
  "dependencies": {
    "aho-corasick.js": {
      "version": "0.0.1",
      "resolved": "https://registry.npmjs.org/aho-corasick.js/-/aho-corasick.js-0.0.1.tgz",
      "integrity": "sha1-0RJ+q5J2LnIZ8M5asklROkKx+BM="
    },
    "fs": {
      "version": "0.0.1-security",
      "resolved": "https://registry.npmjs.org/fs/-/fs-0.0.1-security.tgz",
      "integrity": "sha1-invTcYa23d84E/I4WLV+yq9eQdQ="
    }
  }
}
